// !$*UTF8*$!
{
	archiveVersion = 1;
	classes = {
	};
	objectVersion = 50;
	objects = {

/* Begin PBXBuildFile section */
		277B3B2FB6E8EDE9BE5C52FE /* Pods_loginproject.framework in Frameworks */ = {isa = PBXBuildFile; fileRef = 98AD88BE11662871777DEEF7 /* Pods_loginproject.framework */; };
		332353C7C692DB5EA1CA191A /* Pods_loginprojectUITests.framework in Frameworks */ = {isa = PBXBuildFile; fileRef = A2F931E48ACDF608CE68654C /* Pods_loginprojectUITests.framework */; };
		483538CE22C28EEF00279407 /* AppDelegate.swift in Sources */ = {isa = PBXBuildFile; fileRef = 483538CD22C28EEF00279407 /* AppDelegate.swift */; };
		483538D022C28EEF00279407 /* ViewController.swift in Sources */ = {isa = PBXBuildFile; fileRef = 483538CF22C28EEF00279407 /* ViewController.swift */; };
		483538D322C28EEF00279407 /* Main.storyboard in Resources */ = {isa = PBXBuildFile; fileRef = 483538D122C28EEF00279407 /* Main.storyboard */; };
		483538D522C28EEF00279407 /* Assets.xcassets in Resources */ = {isa = PBXBuildFile; fileRef = 483538D422C28EEF00279407 /* Assets.xcassets */; };
		483538D822C28EEF00279407 /* LaunchScreen.storyboard in Resources */ = {isa = PBXBuildFile; fileRef = 483538D622C28EEF00279407 /* LaunchScreen.storyboard */; };
		483538E322C28EEF00279407 /* loginprojectTests.swift in Sources */ = {isa = PBXBuildFile; fileRef = 483538E222C28EEF00279407 /* loginprojectTests.swift */; };
		483538EE22C28EEF00279407 /* loginprojectUITests.swift in Sources */ = {isa = PBXBuildFile; fileRef = 483538ED22C28EEF00279407 /* loginprojectUITests.swift */; };
		483538FC22C2909F00279407 /* LineButton.swift in Sources */ = {isa = PBXBuildFile; fileRef = 483538FB22C2909F00279407 /* LineButton.swift */; };
		483538FE22C29E2200279407 /* SignInViewController.swift in Sources */ = {isa = PBXBuildFile; fileRef = 483538FD22C29E2200279407 /* SignInViewController.swift */; };
		4835390022C29E3000279407 /* SignUpViewController.swift in Sources */ = {isa = PBXBuildFile; fileRef = 483538FF22C29E3000279407 /* SignUpViewController.swift */; };
		4835390222C29E4700279407 /* FindPwViewController.swift in Sources */ = {isa = PBXBuildFile; fileRef = 4835390122C29E4700279407 /* FindPwViewController.swift */; };
		4835390422C29E5200279407 /* MainViewController.swift in Sources */ = {isa = PBXBuildFile; fileRef = 4835390322C29E5200279407 /* MainViewController.swift */; };
		4835390622C29EC800279407 /* AlertService.swift in Sources */ = {isa = PBXBuildFile; fileRef = 4835390522C29EC800279407 /* AlertService.swift */; };
		4835390822C2A2E800279407 /* GoogleService-Info.plist in Resources */ = {isa = PBXBuildFile; fileRef = 4835390722C2A2E800279407 /* GoogleService-Info.plist */; };
		4835390A22C2A4E800279407 /* AuthService.swift in Sources */ = {isa = PBXBuildFile; fileRef = 4835390922C2A4E800279407 /* AuthService.swift */; };
		529A42FC13EE9538EC9ACBF9 /* Pods_loginprojectTests.framework in Frameworks */ = {isa = PBXBuildFile; fileRef = 8DB6CFA4B2EE035B42EF6441 /* Pods_loginprojectTests.framework */; };
/* End PBXBuildFile section */

/* Begin PBXContainerItemProxy section */
		483538DF22C28EEF00279407 /* PBXContainerItemProxy */ = {
			isa = PBXContainerItemProxy;
			containerPortal = 483538C222C28EEF00279407 /* Project object */;
			proxyType = 1;
			remoteGlobalIDString = 483538C922C28EEF00279407;
			remoteInfo = loginproject;
		};
		483538EA22C28EEF00279407 /* PBXContainerItemProxy */ = {
			isa = PBXContainerItemProxy;
			containerPortal = 483538C222C28EEF00279407 /* Project object */;
			proxyType = 1;
			remoteGlobalIDString = 483538C922C28EEF00279407;
			remoteInfo = loginproject;
		};
/* End PBXContainerItemProxy section */

/* Begin PBXFileReference section */
		483538CA22C28EEF00279407 /* loginproject.app */ = {isa = PBXFileReference; explicitFileType = wrapper.application; includeInIndex = 0; path = loginproject.app; sourceTree = BUILT_PRODUCTS_DIR; };
		483538CD22C28EEF00279407 /* AppDelegate.swift */ = {isa = PBXFileReference; lastKnownFileType = sourcecode.swift; path = AppDelegate.swift; sourceTree = "<group>"; };
		483538CF22C28EEF00279407 /* ViewController.swift */ = {isa = PBXFileReference; lastKnownFileType = sourcecode.swift; path = ViewController.swift; sourceTree = "<group>"; };
		483538D222C28EEF00279407 /* Base */ = {isa = PBXFileReference; lastKnownFileType = file.storyboard; name = Base; path = Base.lproj/Main.storyboard; sourceTree = "<group>"; };
		483538D422C28EEF00279407 /* Assets.xcassets */ = {isa = PBXFileReference; lastKnownFileType = folder.assetcatalog; path = Assets.xcassets; sourceTree = "<group>"; };
		483538D722C28EEF00279407 /* Base */ = {isa = PBXFileReference; lastKnownFileType = file.storyboard; name = Base; path = Base.lproj/LaunchScreen.storyboard; sourceTree = "<group>"; };
		483538D922C28EEF00279407 /* Info.plist */ = {isa = PBXFileReference; lastKnownFileType = text.plist.xml; path = Info.plist; sourceTree = "<group>"; };
		483538DE22C28EEF00279407 /* loginprojectTests.xctest */ = {isa = PBXFileReference; explicitFileType = wrapper.cfbundle; includeInIndex = 0; path = loginprojectTests.xctest; sourceTree = BUILT_PRODUCTS_DIR; };
		483538E222C28EEF00279407 /* loginprojectTests.swift */ = {isa = PBXFileReference; lastKnownFileType = sourcecode.swift; path = loginprojectTests.swift; sourceTree = "<group>"; };
		483538E422C28EEF00279407 /* Info.plist */ = {isa = PBXFileReference; lastKnownFileType = text.plist.xml; path = Info.plist; sourceTree = "<group>"; };
		483538E922C28EEF00279407 /* loginprojectUITests.xctest */ = {isa = PBXFileReference; explicitFileType = wrapper.cfbundle; includeInIndex = 0; path = loginprojectUITests.xctest; sourceTree = BUILT_PRODUCTS_DIR; };
		483538ED22C28EEF00279407 /* loginprojectUITests.swift */ = {isa = PBXFileReference; lastKnownFileType = sourcecode.swift; path = loginprojectUITests.swift; sourceTree = "<group>"; };
		483538EF22C28EEF00279407 /* Info.plist */ = {isa = PBXFileReference; lastKnownFileType = text.plist.xml; path = Info.plist; sourceTree = "<group>"; };
		483538FB22C2909F00279407 /* LineButton.swift */ = {isa = PBXFileReference; fileEncoding = 4; lastKnownFileType = sourcecode.swift; path = LineButton.swift; sourceTree = "<group>"; };
		483538FD22C29E2200279407 /* SignInViewController.swift */ = {isa = PBXFileReference; lastKnownFileType = sourcecode.swift; path = SignInViewController.swift; sourceTree = "<group>"; };
		483538FF22C29E3000279407 /* SignUpViewController.swift */ = {isa = PBXFileReference; lastKnownFileType = sourcecode.swift; path = SignUpViewController.swift; sourceTree = "<group>"; };
		4835390122C29E4700279407 /* FindPwViewController.swift */ = {isa = PBXFileReference; lastKnownFileType = sourcecode.swift; path = FindPwViewController.swift; sourceTree = "<group>"; };
		4835390322C29E5200279407 /* MainViewController.swift */ = {isa = PBXFileReference; lastKnownFileType = sourcecode.swift; path = MainViewController.swift; sourceTree = "<group>"; };
		4835390522C29EC800279407 /* AlertService.swift */ = {isa = PBXFileReference; lastKnownFileType = sourcecode.swift; path = AlertService.swift; sourceTree = "<group>"; };
		4835390722C2A2E800279407 /* GoogleService-Info.plist */ = {isa = PBXFileReference; fileEncoding = 4; lastKnownFileType = text.plist.xml; path = "GoogleService-Info.plist"; sourceTree = "<group>"; };
		4835390922C2A4E800279407 /* AuthService.swift */ = {isa = PBXFileReference; lastKnownFileType = sourcecode.swift; path = AuthService.swift; sourceTree = "<group>"; };
		72A92FC473C71393FECD0817 /* Pods-loginprojectUITests.release.xcconfig */ = {isa = PBXFileReference; includeInIndex = 1; lastKnownFileType = text.xcconfig; name = "Pods-loginprojectUITests.release.xcconfig"; path = "Target Support Files/Pods-loginprojectUITests/Pods-loginprojectUITests.release.xcconfig"; sourceTree = "<group>"; };
		8DB6CFA4B2EE035B42EF6441 /* Pods_loginprojectTests.framework */ = {isa = PBXFileReference; explicitFileType = wrapper.framework; includeInIndex = 0; path = Pods_loginprojectTests.framework; sourceTree = BUILT_PRODUCTS_DIR; };
		94D02BF8E3EA8DF1A93D9D05 /* Pods-loginproject.debug.xcconfig */ = {isa = PBXFileReference; includeInIndex = 1; lastKnownFileType = text.xcconfig; name = "Pods-loginproject.debug.xcconfig"; path = "Target Support Files/Pods-loginproject/Pods-loginproject.debug.xcconfig"; sourceTree = "<group>"; };
		98AD88BE11662871777DEEF7 /* Pods_loginproject.framework */ = {isa = PBXFileReference; explicitFileType = wrapper.framework; includeInIndex = 0; path = Pods_loginproject.framework; sourceTree = BUILT_PRODUCTS_DIR; };
		A03321A34E9AE899798E90DC /* Pods-loginprojectTests.release.xcconfig */ = {isa = PBXFileReference; includeInIndex = 1; lastKnownFileType = text.xcconfig; name = "Pods-loginprojectTests.release.xcconfig"; path = "Target Support Files/Pods-loginprojectTests/Pods-loginprojectTests.release.xcconfig"; sourceTree = "<group>"; };
		A2F931E48ACDF608CE68654C /* Pods_loginprojectUITests.framework */ = {isa = PBXFileReference; explicitFileType = wrapper.framework; includeInIndex = 0; path = Pods_loginprojectUITests.framework; sourceTree = BUILT_PRODUCTS_DIR; };
		AB99C9972E0FB40370357AB9 /* Pods-loginprojectTests.debug.xcconfig */ = {isa = PBXFileReference; includeInIndex = 1; lastKnownFileType = text.xcconfig; name = "Pods-loginprojectTests.debug.xcconfig"; path = "Target Support Files/Pods-loginprojectTests/Pods-loginprojectTests.debug.xcconfig"; sourceTree = "<group>"; };
		CCA656A61F4844F868C888D5 /* Pods-loginproject.release.xcconfig */ = {isa = PBXFileReference; includeInIndex = 1; lastKnownFileType = text.xcconfig; name = "Pods-loginproject.release.xcconfig"; path = "Target Support Files/Pods-loginproject/Pods-loginproject.release.xcconfig"; sourceTree = "<group>"; };
		DAADF224D2BE901D5BC7079A /* Pods-loginprojectUITests.debug.xcconfig */ = {isa = PBXFileReference; includeInIndex = 1; lastKnownFileType = text.xcconfig; name = "Pods-loginprojectUITests.debug.xcconfig"; path = "Target Support Files/Pods-loginprojectUITests/Pods-loginprojectUITests.debug.xcconfig"; sourceTree = "<group>"; };
/* End PBXFileReference section */

/* Begin PBXFrameworksBuildPhase section */
		483538C722C28EEF00279407 /* Frameworks */ = {
			isa = PBXFrameworksBuildPhase;
			buildActionMask = 2147483647;
			files = (
				277B3B2FB6E8EDE9BE5C52FE /* Pods_loginproject.framework in Frameworks */,
			);
			runOnlyForDeploymentPostprocessing = 0;
		};
		483538DB22C28EEF00279407 /* Frameworks */ = {
			isa = PBXFrameworksBuildPhase;
			buildActionMask = 2147483647;
			files = (
				529A42FC13EE9538EC9ACBF9 /* Pods_loginprojectTests.framework in Frameworks */,
			);
			runOnlyForDeploymentPostprocessing = 0;
		};
		483538E622C28EEF00279407 /* Frameworks */ = {
			isa = PBXFrameworksBuildPhase;
			buildActionMask = 2147483647;
			files = (
				332353C7C692DB5EA1CA191A /* Pods_loginprojectUITests.framework in Frameworks */,
			);
			runOnlyForDeploymentPostprocessing = 0;
		};
/* End PBXFrameworksBuildPhase section */

/* Begin PBXGroup section */
		07B8CD01EDA967DD218644A7 /* Frameworks */ = {
			isa = PBXGroup;
			children = (
				98AD88BE11662871777DEEF7 /* Pods_loginproject.framework */,
				8DB6CFA4B2EE035B42EF6441 /* Pods_loginprojectTests.framework */,
				A2F931E48ACDF608CE68654C /* Pods_loginprojectUITests.framework */,
			);
			name = Frameworks;
			sourceTree = "<group>";
		};
		483538C122C28EEF00279407 = {
			isa = PBXGroup;
			children = (
				483538CC22C28EEF00279407 /* loginproject */,
				483538E122C28EEF00279407 /* loginprojectTests */,
				483538EC22C28EEF00279407 /* loginprojectUITests */,
				483538CB22C28EEF00279407 /* Products */,
				6F30D99482706BA9DC8B2AC6 /* Pods */,
				07B8CD01EDA967DD218644A7 /* Frameworks */,
			);
			sourceTree = "<group>";
		};
		483538CB22C28EEF00279407 /* Products */ = {
			isa = PBXGroup;
			children = (
				483538CA22C28EEF00279407 /* loginproject.app */,
				483538DE22C28EEF00279407 /* loginprojectTests.xctest */,
				483538E922C28EEF00279407 /* loginprojectUITests.xctest */,
			);
			name = Products;
			sourceTree = "<group>";
		};
		483538CC22C28EEF00279407 /* loginproject */ = {
			isa = PBXGroup;
			children = (
				483538CD22C28EEF00279407 /* AppDelegate.swift */,
				483538CF22C28EEF00279407 /* ViewController.swift */,
				483538D122C28EEF00279407 /* Main.storyboard */,
				483538D422C28EEF00279407 /* Assets.xcassets */,
				483538D622C28EEF00279407 /* LaunchScreen.storyboard */,
				483538FB22C2909F00279407 /* LineButton.swift */,
				483538D922C28EEF00279407 /* Info.plist */,
				4835390722C2A2E800279407 /* GoogleService-Info.plist */,
				483538FD22C29E2200279407 /* SignInViewController.swift */,
				483538FF22C29E3000279407 /* SignUpViewController.swift */,
				4835390122C29E4700279407 /* FindPwViewController.swift */,
				4835390322C29E5200279407 /* MainViewController.swift */,
				4835390522C29EC800279407 /* AlertService.swift */,
				4835390922C2A4E800279407 /* AuthService.swift */,
			);
			path = loginproject;
			sourceTree = "<group>";
		};
		483538E122C28EEF00279407 /* loginprojectTests */ = {
			isa = PBXGroup;
			children = (
				483538E222C28EEF00279407 /* loginprojectTests.swift */,
				483538E422C28EEF00279407 /* Info.plist */,
			);
			path = loginprojectTests;
			sourceTree = "<group>";
		};
		483538EC22C28EEF00279407 /* loginprojectUITests */ = {
			isa = PBXGroup;
			children = (
				483538ED22C28EEF00279407 /* loginprojectUITests.swift */,
				483538EF22C28EEF00279407 /* Info.plist */,
			);
			path = loginprojectUITests;
			sourceTree = "<group>";
		};
		6F30D99482706BA9DC8B2AC6 /* Pods */ = {
			isa = PBXGroup;
			children = (
				94D02BF8E3EA8DF1A93D9D05 /* Pods-loginproject.debug.xcconfig */,
				CCA656A61F4844F868C888D5 /* Pods-loginproject.release.xcconfig */,
				AB99C9972E0FB40370357AB9 /* Pods-loginprojectTests.debug.xcconfig */,
				A03321A34E9AE899798E90DC /* Pods-loginprojectTests.release.xcconfig */,
				DAADF224D2BE901D5BC7079A /* Pods-loginprojectUITests.debug.xcconfig */,
				72A92FC473C71393FECD0817 /* Pods-loginprojectUITests.release.xcconfig */,
			);
			path = Pods;
			sourceTree = "<group>";
		};
/* End PBXGroup section */

/* Begin PBXNativeTarget section */
		483538C922C28EEF00279407 /* loginproject */ = {
			isa = PBXNativeTarget;
			buildConfigurationList = 483538F222C28EEF00279407 /* Build configuration list for PBXNativeTarget "loginproject" */;
			buildPhases = (
				485E31840A1561274CA9F4A5 /* [CP] Check Pods Manifest.lock */,
				483538C622C28EEF00279407 /* Sources */,
				483538C722C28EEF00279407 /* Frameworks */,
				483538C822C28EEF00279407 /* Resources */,
				DBB8EF0070AB5670199BA9BC /* [CP] Embed Pods Frameworks */,
			);
			buildRules = (
			);
			dependencies = (
			);
			name = loginproject;
			productName = loginproject;
			productReference = 483538CA22C28EEF00279407 /* loginproject.app */;
			productType = "com.apple.product-type.application";
		};
		483538DD22C28EEF00279407 /* loginprojectTests */ = {
			isa = PBXNativeTarget;
			buildConfigurationList = 483538F522C28EEF00279407 /* Build configuration list for PBXNativeTarget "loginprojectTests" */;
			buildPhases = (
				F77C7F533B8CF02B5723BF76 /* [CP] Check Pods Manifest.lock */,
				483538DA22C28EEF00279407 /* Sources */,
				483538DB22C28EEF00279407 /* Frameworks */,
				483538DC22C28EEF00279407 /* Resources */,
			);
			buildRules = (
			);
			dependencies = (
				483538E022C28EEF00279407 /* PBXTargetDependency */,
			);
			name = loginprojectTests;
			productName = loginprojectTests;
			productReference = 483538DE22C28EEF00279407 /* loginprojectTests.xctest */;
			productType = "com.apple.product-type.bundle.unit-test";
		};
		483538E822C28EEF00279407 /* loginprojectUITests */ = {
			isa = PBXNativeTarget;
			buildConfigurationList = 483538F822C28EEF00279407 /* Build configuration list for PBXNativeTarget "loginprojectUITests" */;
			buildPhases = (
				F6C69F8EE749C652EA820248 /* [CP] Check Pods Manifest.lock */,
				483538E522C28EEF00279407 /* Sources */,
				483538E622C28EEF00279407 /* Frameworks */,
				483538E722C28EEF00279407 /* Resources */,
			);
			buildRules = (
			);
			dependencies = (
				483538EB22C28EEF00279407 /* PBXTargetDependency */,
			);
			name = loginprojectUITests;
			productName = loginprojectUITests;
			productReference = 483538E922C28EEF00279407 /* loginprojectUITests.xctest */;
			productType = "com.apple.product-type.bundle.ui-testing";
		};
/* End PBXNativeTarget section */

/* Begin PBXProject section */
		483538C222C28EEF00279407 /* Project object */ = {
			isa = PBXProject;
			attributes = {
				LastSwiftUpdateCheck = 1020;
				LastUpgradeCheck = 1020;
				ORGANIZATIONNAME = HYEOKBOOK;
				TargetAttributes = {
					483538C922C28EEF00279407 = {
						CreatedOnToolsVersion = 10.2.1;
					};
					483538DD22C28EEF00279407 = {
						CreatedOnToolsVersion = 10.2.1;
						TestTargetID = 483538C922C28EEF00279407;
					};
					483538E822C28EEF00279407 = {
						CreatedOnToolsVersion = 10.2.1;
						TestTargetID = 483538C922C28EEF00279407;
					};
				};
			};
			buildConfigurationList = 483538C522C28EEF00279407 /* Build configuration list for PBXProject "loginproject" */;
			compatibilityVersion = "Xcode 9.3";
			developmentRegion = en;
			hasScannedForEncodings = 0;
			knownRegions = (
				en,
				Base,
			);
			mainGroup = 483538C122C28EEF00279407;
			productRefGroup = 483538CB22C28EEF00279407 /* Products */;
			projectDirPath = "";
			projectRoot = "";
			targets = (
				483538C922C28EEF00279407 /* loginproject */,
				483538DD22C28EEF00279407 /* loginprojectTests */,
				483538E822C28EEF00279407 /* loginprojectUITests */,
			);
		};
/* End PBXProject section */

/* Begin PBXResourcesBuildPhase section */
		483538C822C28EEF00279407 /* Resources */ = {
			isa = PBXResourcesBuildPhase;
			buildActionMask = 2147483647;
			files = (
				483538D822C28EEF00279407 /* LaunchScreen.storyboard in Resources */,
				4835390822C2A2E800279407 /* GoogleService-Info.plist in Resources */,
				483538D522C28EEF00279407 /* Assets.xcassets in Resources */,
				483538D322C28EEF00279407 /* Main.storyboard in Resources */,
			);
			runOnlyForDeploymentPostprocessing = 0;
		};
		483538DC22C28EEF00279407 /* Resources */ = {
			isa = PBXResourcesBuildPhase;
			buildActionMask = 2147483647;
			files = (
			);
			runOnlyForDeploymentPostprocessing = 0;
		};
		483538E722C28EEF00279407 /* Resources */ = {
			isa = PBXResourcesBuildPhase;
			buildActionMask = 2147483647;
			files = (
			);
			runOnlyForDeploymentPostprocessing = 0;
		};
/* End PBXResourcesBuildPhase section */

/* Begin PBXShellScriptBuildPhase section */
		485E31840A1561274CA9F4A5 /* [CP] Check Pods Manifest.lock */ = {
			isa = PBXShellScriptBuildPhase;
			buildActionMask = 2147483647;
			files = (
			);
			inputFileListPaths = (
			);
			inputPaths = (
				"${PODS_PODFILE_DIR_PATH}/Podfile.lock",
				"${PODS_ROOT}/Manifest.lock",
			);
			name = "[CP] Check Pods Manifest.lock";
			outputFileListPaths = (
			);
			outputPaths = (
				"$(DERIVED_FILE_DIR)/Pods-loginproject-checkManifestLockResult.txt",
			);
			runOnlyForDeploymentPostprocessing = 0;
			shellPath = /bin/sh;
			shellScript = "diff \"${PODS_PODFILE_DIR_PATH}/Podfile.lock\" \"${PODS_ROOT}/Manifest.lock\" > /dev/null\nif [ $? != 0 ] ; then\n    # print error to STDERR\n    echo \"error: The sandbox is not in sync with the Podfile.lock. Run 'pod install' or update your CocoaPods installation.\" >&2\n    exit 1\nfi\n# This output is used by Xcode 'outputs' to avoid re-running this script phase.\necho \"SUCCESS\" > \"${SCRIPT_OUTPUT_FILE_0}\"\n";
			showEnvVarsInLog = 0;
		};
		DBB8EF0070AB5670199BA9BC /* [CP] Embed Pods Frameworks */ = {
			isa = PBXShellScriptBuildPhase;
			buildActionMask = 2147483647;
			files = (
			);
			inputFileListPaths = (
			);
			inputPaths = (
				"${PODS_ROOT}/Target Support Files/Pods-loginproject/Pods-loginproject-frameworks.sh",
				"${BUILT_PRODUCTS_DIR}/GTMSessionFetcher/GTMSessionFetcher.framework",
				"${BUILT_PRODUCTS_DIR}/GoogleUtilities/GoogleUtilities.framework",
				"${BUILT_PRODUCTS_DIR}/SVProgressHUD/SVProgressHUD.framework",
				"${BUILT_PRODUCTS_DIR}/leveldb-library/leveldb.framework",
				"${BUILT_PRODUCTS_DIR}/nanopb/nanopb.framework",
			);
			name = "[CP] Embed Pods Frameworks";
			outputFileListPaths = (
			);
			outputPaths = (
				"${TARGET_BUILD_DIR}/${FRAMEWORKS_FOLDER_PATH}/GTMSessionFetcher.framework",
				"${TARGET_BUILD_DIR}/${FRAMEWORKS_FOLDER_PATH}/GoogleUtilities.framework",
				"${TARGET_BUILD_DIR}/${FRAMEWORKS_FOLDER_PATH}/SVProgressHUD.framework",
				"${TARGET_BUILD_DIR}/${FRAMEWORKS_FOLDER_PATH}/leveldb.framework",
				"${TARGET_BUILD_DIR}/${FRAMEWORKS_FOLDER_PATH}/nanopb.framework",
			);
			runOnlyForDeploymentPostprocessing = 0;
			shellPath = /bin/sh;
			shellScript = "\"${PODS_ROOT}/Target Support Files/Pods-loginproject/Pods-loginproject-frameworks.sh\"\n";
			showEnvVarsInLog = 0;
		};
		F6C69F8EE749C652EA820248 /* [CP] Check Pods Manifest.lock */ = {
			isa = PBXShellScriptBuildPhase;
			buildActionMask = 2147483647;
			files = (
			);
			inputFileListPaths = (
			);
			inputPaths = (
				"${PODS_PODFILE_DIR_PATH}/Podfile.lock",
				"${PODS_ROOT}/Manifest.lock",
			);
			name = "[CP] Check Pods Manifest.lock";
			outputFileListPaths = (
			);
			outputPaths = (
				"$(DERIVED_FILE_DIR)/Pods-loginprojectUITests-checkManifestLockResult.txt",
			);
			runOnlyForDeploymentPostprocessing = 0;
			shellPath = /bin/sh;
			shellScript = "diff \"${PODS_PODFILE_DIR_PATH}/Podfile.lock\" \"${PODS_ROOT}/Manifest.lock\" > /dev/null\nif [ $? != 0 ] ; then\n    # print error to STDERR\n    echo \"error: The sandbox is not in sync with the Podfile.lock. Run 'pod install' or update your CocoaPods installation.\" >&2\n    exit 1\nfi\n# This output is used by Xcode 'outputs' to avoid re-running this script phase.\necho \"SUCCESS\" > \"${SCRIPT_OUTPUT_FILE_0}\"\n";
			showEnvVarsInLog = 0;
		};
		F77C7F533B8CF02B5723BF76 /* [CP] Check Pods Manifest.lock */ = {
			isa = PBXShellScriptBuildPhase;
			buildActionMask = 2147483647;
			files = (
			);
			inputFileListPaths = (
			);
			inputPaths = (
				"${PODS_PODFILE_DIR_PATH}/Podfile.lock",
				"${PODS_ROOT}/Manifest.lock",
			);
			name = "[CP] Check Pods Manifest.lock";
			outputFileListPaths = (
			);
			outputPaths = (
				"$(DERIVED_FILE_DIR)/Pods-loginprojectTests-checkManifestLockResult.txt",
			);
			runOnlyForDeploymentPostprocessing = 0;
			shellPath = /bin/sh;
			shellScript = "diff \"${PODS_PODFILE_DIR_PATH}/Podfile.lock\" \"${PODS_ROOT}/Manifest.lock\" > /dev/null\nif [ $? != 0 ] ; then\n    # print error to STDERR\n    echo \"error: The sandbox is not in sync with the Podfile.lock. Run 'pod install' or update your CocoaPods installation.\" >&2\n    exit 1\nfi\n# This output is used by Xcode 'outputs' to avoid re-running this script phase.\necho \"SUCCESS\" > \"${SCRIPT_OUTPUT_FILE_0}\"\n";
			showEnvVarsInLog = 0;
		};
/* End PBXShellScriptBuildPhase section */

/* Begin PBXSourcesBuildPhase section */
		483538C622C28EEF00279407 /* Sources */ = {
			isa = PBXSourcesBuildPhase;
			buildActionMask = 2147483647;
			files = (
				4835390422C29E5200279407 /* MainViewController.swift in Sources */,
				483538FE22C29E2200279407 /* SignInViewController.swift in Sources */,
				483538D022C28EEF00279407 /* ViewController.swift in Sources */,
				4835390A22C2A4E800279407 /* AuthService.swift in Sources */,
				4835390222C29E4700279407 /* FindPwViewController.swift in Sources */,
				483538CE22C28EEF00279407 /* AppDelegate.swift in Sources */,
				483538FC22C2909F00279407 /* LineButton.swift in Sources */,
				4835390622C29EC800279407 /* AlertService.swift in Sources */,
				4835390022C29E3000279407 /* SignUpViewController.swift in Sources */,
			);
			runOnlyForDeploymentPostprocessing = 0;
		};
		483538DA22C28EEF00279407 /* Sources */ = {
			isa = PBXSourcesBuildPhase;
			buildActionMask = 2147483647;
			files = (
				483538E322C28EEF00279407 /* loginprojectTests.swift in Sources */,
			);
			runOnlyForDeploymentPostprocessing = 0;
		};
		483538E522C28EEF00279407 /* Sources */ = {
			isa = PBXSourcesBuildPhase;
			buildActionMask = 2147483647;
			files = (
				483538EE22C28EEF00279407 /* loginprojectUITests.swift in Sources */,
			);
			runOnlyForDeploymentPostprocessing = 0;
		};
/* End PBXSourcesBuildPhase section */

/* Begin PBXTargetDependency section */
		483538E022C28EEF00279407 /* PBXTargetDependency */ = {
			isa = PBXTargetDependency;
			target = 483538C922C28EEF00279407 /* loginproject */;
			targetProxy = 483538DF22C28EEF00279407 /* PBXContainerItemProxy */;
		};
		483538EB22C28EEF00279407 /* PBXTargetDependency */ = {
			isa = PBXTargetDependency;
			target = 483538C922C28EEF00279407 /* loginproject */;
			targetProxy = 483538EA22C28EEF00279407 /* PBXContainerItemProxy */;
		};
/* End PBXTargetDependency section */

/* Begin PBXVariantGroup section */
		483538D122C28EEF00279407 /* Main.storyboard */ = {
			isa = PBXVariantGroup;
			children = (
				483538D222C28EEF00279407 /* Base */,
			);
			name = Main.storyboard;
			sourceTree = "<group>";
		};
		483538D622C28EEF00279407 /* LaunchScreen.storyboard */ = {
			isa = PBXVariantGroup;
			children = (
				483538D722C28EEF00279407 /* Base */,
			);
			name = LaunchScreen.storyboard;
			sourceTree = "<group>";
		};
/* End PBXVariantGroup section */

/* Begin XCBuildConfiguration section */
		483538F022C28EEF00279407 /* Debug */ = {
			isa = XCBuildConfiguration;
			buildSettings = {
				ALWAYS_SEARCH_USER_PATHS = NO;
				CLANG_ANALYZER_NONNULL = YES;
				CLANG_ANALYZER_NUMBER_OBJECT_CONVERSION = YES_AGGRESSIVE;
				CLANG_CXX_LANGUAGE_STANDARD = "gnu++14";
				CLANG_CXX_LIBRARY = "libc++";
				CLANG_ENABLE_MODULES = YES;
				CLANG_ENABLE_OBJC_ARC = YES;
				CLANG_ENABLE_OBJC_WEAK = YES;
				CLANG_WARN_BLOCK_CAPTURE_AUTORELEASING = YES;
				CLANG_WARN_BOOL_CONVERSION = YES;
				CLANG_WARN_COMMA = YES;
				CLANG_WARN_CONSTANT_CONVERSION = YES;
				CLANG_WARN_DEPRECATED_OBJC_IMPLEMENTATIONS = YES;
				CLANG_WARN_DIRECT_OBJC_ISA_USAGE = YES_ERROR;
				CLANG_WARN_DOCUMENTATION_COMMENTS = YES;
				CLANG_WARN_EMPTY_BODY = YES;
				CLANG_WARN_ENUM_CONVERSION = YES;
				CLANG_WARN_INFINITE_RECURSION = YES;
				CLANG_WARN_INT_CONVERSION = YES;
				CLANG_WARN_NON_LITERAL_NULL_CONVERSION = YES;
				CLANG_WARN_OBJC_IMPLICIT_RETAIN_SELF = YES;
				CLANG_WARN_OBJC_LITERAL_CONVERSION = YES;
				CLANG_WARN_OBJC_ROOT_CLASS = YES_ERROR;
				CLANG_WARN_RANGE_LOOP_ANALYSIS = YES;
				CLANG_WARN_STRICT_PROTOTYPES = YES;
				CLANG_WARN_SUSPICIOUS_MOVE = YES;
				CLANG_WARN_UNGUARDED_AVAILABILITY = YES_AGGRESSIVE;
				CLANG_WARN_UNREACHABLE_CODE = YES;
				CLANG_WARN__DUPLICATE_METHOD_MATCH = YES;
				CODE_SIGN_IDENTITY = "iPhone Developer";
				COPY_PHASE_STRIP = NO;
				DEBUG_INFORMATION_FORMAT = dwarf;
				ENABLE_STRICT_OBJC_MSGSEND = YES;
				ENABLE_TESTABILITY = YES;
				GCC_C_LANGUAGE_STANDARD = gnu11;
				GCC_DYNAMIC_NO_PIC = NO;
				GCC_NO_COMMON_BLOCKS = YES;
				GCC_OPTIMIZATION_LEVEL = 0;
				GCC_PREPROCESSOR_DEFINITIONS = (
					"DEBUG=1",
					"$(inherited)",
				);
				GCC_WARN_64_TO_32_BIT_CONVERSION = YES;
				GCC_WARN_ABOUT_RETURN_TYPE = YES_ERROR;
				GCC_WARN_UNDECLARED_SELECTOR = YES;
				GCC_WARN_UNINITIALIZED_AUTOS = YES_AGGRESSIVE;
				GCC_WARN_UNUSED_FUNCTION = YES;
				GCC_WARN_UNUSED_VARIABLE = YES;
				IPHONEOS_DEPLOYMENT_TARGET = 12.2;
				MTL_ENABLE_DEBUG_INFO = INCLUDE_SOURCE;
				MTL_FAST_MATH = YES;
				ONLY_ACTIVE_ARCH = YES;
				SDKROOT = iphoneos;
				SWIFT_ACTIVE_COMPILATION_CONDITIONS = DEBUG;
				SWIFT_OPTIMIZATION_LEVEL = "-Onone";
			};
			name = Debug;
		};
		483538F122C28EEF00279407 /* Release */ = {
			isa = XCBuildConfiguration;
			buildSettings = {
				ALWAYS_SEARCH_USER_PATHS = NO;
				CLANG_ANALYZER_NONNULL = YES;
				CLANG_ANALYZER_NUMBER_OBJECT_CONVERSION = YES_AGGRESSIVE;
				CLANG_CXX_LANGUAGE_STANDARD = "gnu++14";
				CLANG_CXX_LIBRARY = "libc++";
				CLANG_ENABLE_MODULES = YES;
				CLANG_ENABLE_OBJC_ARC = YES;
				CLANG_ENABLE_OBJC_WEAK = YES;
				CLANG_WARN_BLOCK_CAPTURE_AUTORELEASING = YES;
				CLANG_WARN_BOOL_CONVERSION = YES;
				CLANG_WARN_COMMA = YES;
				CLANG_WARN_CONSTANT_CONVERSION = YES;
				CLANG_WARN_DEPRECATED_OBJC_IMPLEMENTATIONS = YES;
				CLANG_WARN_DIRECT_OBJC_ISA_USAGE = YES_ERROR;
				CLANG_WARN_DOCUMENTATION_COMMENTS = YES;
				CLANG_WARN_EMPTY_BODY = YES;
				CLANG_WARN_ENUM_CONVERSION = YES;
				CLANG_WARN_INFINITE_RECURSION = YES;
				CLANG_WARN_INT_CONVERSION = YES;
				CLANG_WARN_NON_LITERAL_NULL_CONVERSION = YES;
				CLANG_WARN_OBJC_IMPLICIT_RETAIN_SELF = YES;
				CLANG_WARN_OBJC_LITERAL_CONVERSION = YES;
				CLANG_WARN_OBJC_ROOT_CLASS = YES_ERROR;
				CLANG_WARN_RANGE_LOOP_ANALYSIS = YES;
				CLANG_WARN_STRICT_PROTOTYPES = YES;
				CLANG_WARN_SUSPICIOUS_MOVE = YES;
				CLANG_WARN_UNGUARDED_AVAILABILITY = YES_AGGRESSIVE;
				CLANG_WARN_UNREACHABLE_CODE = YES;
				CLANG_WARN__DUPLICATE_METHOD_MATCH = YES;
				CODE_SIGN_IDENTITY = "iPhone Developer";
				COPY_PHASE_STRIP = NO;
				DEBUG_INFORMATION_FORMAT = "dwarf-with-dsym";
				ENABLE_NS_ASSERTIONS = NO;
				ENABLE_STRICT_OBJC_MSGSEND = YES;
				GCC_C_LANGUAGE_STANDARD = gnu11;
				GCC_NO_COMMON_BLOCKS = YES;
				GCC_WARN_64_TO_32_BIT_CONVERSION = YES;
				GCC_WARN_ABOUT_RETURN_TYPE = YES_ERROR;
				GCC_WARN_UNDECLARED_SELECTOR = YES;
				GCC_WARN_UNINITIALIZED_AUTOS = YES_AGGRESSIVE;
				GCC_WARN_UNUSED_FUNCTION = YES;
				GCC_WARN_UNUSED_VARIABLE = YES;
				IPHONEOS_DEPLOYMENT_TARGET = 12.2;
				MTL_ENABLE_DEBUG_INFO = NO;
				MTL_FAST_MATH = YES;
				SDKROOT = iphoneos;
				SWIFT_COMPILATION_MODE = wholemodule;
				SWIFT_OPTIMIZATION_LEVEL = "-O";
				VALIDATE_PRODUCT = YES;
			};
			name = Release;
		};
		483538F322C28EEF00279407 /* Debug */ = {
			isa = XCBuildConfiguration;
			baseConfigurationReference = 94D02BF8E3EA8DF1A93D9D05 /* Pods-loginproject.debug.xcconfig */;
			buildSettings = {
				ASSETCATALOG_COMPILER_APPICON_NAME = AppIcon;
				CODE_SIGN_STYLE = Automatic;
				INFOPLIST_FILE = loginproject/Info.plist;
				LD_RUNPATH_SEARCH_PATHS = (
					"$(inherited)",
					"@executable_path/Frameworks",
				);
				PRODUCT_BUNDLE_IDENTIFIER = com.kimjunhyeok.loginproject;
				PRODUCT_NAME = "$(TARGET_NAME)";
				SWIFT_VERSION = 5.0;
				TARGETED_DEVICE_FAMILY = "1,2";
			};
			name = Debug;
		};
		483538F422C28EEF00279407 /* Release */ = {
			isa = XCBuildConfiguration;
			baseConfigurationReference = CCA656A61F4844F868C888D5 /* Pods-loginproject.release.xcconfig */;
			buildSettings = {
				ASSETCATALOG_COMPILER_APPICON_NAME = AppIcon;
				CODE_SIGN_STYLE = Automatic;
				INFOPLIST_FILE = loginproject/Info.plist;
				LD_RUNPATH_SEARCH_PATHS = (
					"$(inherited)",
					"@executable_path/Frameworks",
				);
				PRODUCT_BUNDLE_IDENTIFIER = com.kimjunhyeok.loginproject;
				PRODUCT_NAME = "$(TARGET_NAME)";
				SWIFT_VERSION = 5.0;
				TARGETED_DEVICE_FAMILY = "1,2";
			};
			name = Release;
		};
		483538F622C28EEF00279407 /* Debug */ = {
			isa = XCBuildConfiguration;
			baseConfigurationReference = AB99C9972E0FB40370357AB9 /* Pods-loginprojectTests.debug.xcconfig */;
			buildSettings = {
				ALWAYS_EMBED_SWIFT_STANDARD_LIBRARIES = YES;
				BUNDLE_LOADER = "$(TEST_HOST)";
				CODE_SIGN_STYLE = Automatic;
				INFOPLIST_FILE = loginprojectTests/Info.plist;
				LD_RUNPATH_SEARCH_PATHS = (
					"$(inherited)",
					"@executable_path/Frameworks",
					"@loader_path/Frameworks",
				);
				PRODUCT_BUNDLE_IDENTIFIER = com.kimjunhyeok.loginprojectTests;
				PRODUCT_NAME = "$(TARGET_NAME)";
				SWIFT_VERSION = 5.0;
				TARGETED_DEVICE_FAMILY = "1,2";
				TEST_HOST = "$(BUILT_PRODUCTS_DIR)/loginproject.app/loginproject";
			};
			name = Debug;
		};
		483538F722C28EEF00279407 /* Release */ = {
			isa = XCBuildConfiguration;
			baseConfigurationReference = A03321A34E9AE899798E90DC /* Pods-loginprojectTests.release.xcconfig */;
			buildSettings = {
				ALWAYS_EMBED_SWIFT_STANDARD_LIBRARIES = YES;
				BUNDLE_LOADER = "$(TEST_HOST)";
				CODE_SIGN_STYLE = Automatic;
				INFOPLIST_FILE = loginprojectTests/Info.plist;
				LD_RUNPATH_SEARCH_PATHS = (
					"$(inherited)",
					"@executable_path/Frameworks",
					"@loader_path/Frameworks",
				);
				PRODUCT_BUNDLE_IDENTIFIER = com.kimjunhyeok.loginprojectTests;
				PRODUCT_NAME = "$(TARGET_NAME)";
				SWIFT_VERSION = 5.0;
				TARGETED_DEVICE_FAMILY = "1,2";
				TEST_HOST = "$(BUILT_PRODUCTS_DIR)/loginproject.app/loginproject";
			};
			name = Release;
		};
		483538F922C28EEF00279407 /* Debug */ = {
			isa = XCBuildConfiguration;
			baseConfigurationReference = DAADF224D2BE901D5BC7079A /* Pods-loginprojectUITests.debug.xcconfig */;
			buildSettings = {
				ALWAYS_EMBED_SWIFT_STANDARD_LIBRARIES = YES;
				CODE_SIGN_STYLE = Automatic;
				INFOPLIST_FILE = loginprojectUITests/Info.plist;
				LD_RUNPATH_SEARCH_PATHS = (
					"$(inherited)",
					"@executable_path/Frameworks",
					"@loader_path/Frameworks",
				);
				PRODUCT_BUNDLE_IDENTIFIER = com.kimjunhyeok.loginprojectUITests;
				PRODUCT_NAME = "$(TARGET_NAME)";
				SWIFT_VERSION = 5.0;
				TARGETED_DEVICE_FAMILY = "1,2";
				TEST_TARGET_NAME = loginproject;
			};
			name = Debug;
		};
		483538FA22C28EEF00279407 /* Release */ = {
			isa = XCBuildConfiguration;
			baseConfigurationReference = 72A92FC473C71393FECD0817 /* Pods-loginprojectUITests.release.xcconfig */;
			buildSettings = {
				ALWAYS_EMBED_SWIFT_STANDARD_LIBRARIES = YES;
				CODE_SIGN_STYLE = Automatic;
				INFOPLIST_FILE = loginprojectUITests/Info.plist;
				LD_RUNPATH_SEARCH_PATHS = (
					"$(inherited)",
					"@executable_path/Frameworks",
					"@loader_path/Frameworks",
				);
				PRODUCT_BUNDLE_IDENTIFIER = com.kimjunhyeok.loginprojectUITests;
				PRODUCT_NAME = "$(TARGET_NAME)";
				SWIFT_VERSION = 5.0;
				TARGETED_DEVICE_FAMILY = "1,2";
				TEST_TARGET_NAME = loginproject;
			};
			name = Release;
		};
/* End XCBuildConfiguration section */

/* Begin XCConfigurationList section */
		483538C522C28EEF00279407 /* Build configuration list for PBXProject "loginproject" */ = {
			isa = XCConfigurationList;
			buildConfigurations = (
				483538F022C28EEF00279407 /* Debug */,
				483538F122C28EEF00279407 /* Release */,
			);
			defaultConfigurationIsVisible = 0;
			defaultConfigurationName = Release;
		};
		483538F222C28EEF00279407 /* Build configuration list for PBXNativeTarget "loginproject" */ = {
			isa = XCConfigurationList;
			buildConfigurations = (
				483538F322C28EEF00279407 /* Debug */,
				483538F422C28EEF00279407 /* Release */,
			);
			defaultConfigurationIsVisible = 0;
			defaultConfigurationName = Release;
		};
		483538F522C28EEF00279407 /* Build configuration list for PBXNativeTarget "loginprojectTests" */ = {
			isa = XCConfigurationList;
			buildConfigurations = (
				483538F622C28EEF00279407 /* Debug */,
				483538F722C28EEF00279407 /* Release */,
			);
			defaultConfigurationIsVisible = 0;
			defaultConfigurationName = Release;
		};
		483538F822C28EEF00279407 /* Build configuration list for PBXNativeTarget "loginprojectUITests" */ = {
			isa = XCConfigurationList;
			buildConfigurations = (
				483538F922C28EEF00279407 /* Debug */,
				483538FA22C28EEF00279407 /* Release */,
			);
			defaultConfigurationIsVisible = 0;
			defaultConfigurationName = Release;
		};
/* End XCConfigurationList section */
	};
	rootObject = 483538C222C28EEF00279407 /* Project object */;
}
